// !$*UTF8*$!
{
	archiveVersion = 1;
	classes = {
	};
	objectVersion = 77;
	objects = {

/* Begin PBXContainerItemProxy section */
		4DB64C572DEA7FE900F2B81B /* PBXContainerItemProxy */ = {
			isa = PBXContainerItemProxy;
			containerPortal = 4DB64C3F2DEA7FE700F2B81B /* Project object */;
			proxyType = 1;
			remoteGlobalIDString = 4DB64C462DEA7FE700F2B81B;
			remoteInfo = "TaxMate Tracker";
		};
		4DB64C612DEA7FE900F2B81B /* PBXContainerItemProxy */ = {
			isa = PBXContainerItemProxy;
			containerPortal = 4DB64C3F2DEA7FE700F2B81B /* Project object */;
			proxyType = 1;
			remoteGlobalIDString = 4DB64C462DEA7FE700F2B81B;
			remoteInfo = "TaxMate Tracker";
		};
/* End PBXContainerItemProxy section */

/* Begin PBXFileReference section */
		4DB64C472DEA7FE700F2B81B /* TaxMate Tracker.app */ = {isa = PBXFileReference; explicitFileType = wrapper.application; includeInIndex = 0; path = "TaxMate Tracker.app"; sourceTree = BUILT_PRODUCTS_DIR; };
		4DB64C562DEA7FE900F2B81B /* TaxMate TrackerTests.xctest */ = {isa = PBXFileReference; explicitFileType = wrapper.cfbundle; includeInIndex = 0; path = "TaxMate TrackerTests.xctest"; sourceTree = BUILT_PRODUCTS_DIR; };
		4DB64C602DEA7FE900F2B81B /* TaxMate TrackerUITests.xctest */ = {isa = PBXFileReference; explicitFileType = wrapper.cfbundle; includeInIndex = 0; path = "TaxMate TrackerUITests.xctest"; sourceTree = BUILT_PRODUCTS_DIR; };
/* End PBXFileReference section */

/* Begin PBXFileSystemSynchronizedRootGroup section */
		4DB64C492DEA7FE700F2B81B /* TaxMate Tracker */ = {
			isa = PBXFileSystemSynchronizedRootGroup;
			path = "TaxMate Tracker";
			sourceTree = "<group>";
		};
		4DB64C592DEA7FE900F2B81B /* TaxMate TrackerTests */ = {
			isa = PBXFileSystemSynchronizedRootGroup;
			path = "TaxMate TrackerTests";
			sourceTree = "<group>";
		};
		4DB64C632DEA7FE900F2B81B /* TaxMate TrackerUITests */ = {
			isa = PBXFileSystemSynchronizedRootGroup;
			path = "TaxMate TrackerUITests";
			sourceTree = "<group>";
		};
/* End PBXFileSystemSynchronizedRootGroup section */

/* Begin PBXFrameworksBuildPhase section */
		4DB64C442DEA7FE700F2B81B /* Frameworks */ = {
			isa = PBXFrameworksBuildPhase;
			buildActionMask = 2147483647;
			files = (
			);
			runOnlyForDeploymentPostprocessing = 0;
		};
		4DB64C532DEA7FE900F2B81B /* Frameworks */ = {
			isa = PBXFrameworksBuildPhase;
			buildActionMask = 2147483647;
			files = (
			);
			runOnlyForDeploymentPostprocessing = 0;
		};
		4DB64C5D2DEA7FE900F2B81B /* Frameworks */ = {
			isa = PBXFrameworksBuildPhase;
			buildActionMask = 2147483647;
			files = (
			);
			runOnlyForDeploymentPostprocessing = 0;
		};
/* End PBXFrameworksBuildPhase section */

/* Begin PBXGroup section */
		4DB64C3E2DEA7FE700F2B81B = {
			isa = PBXGroup;
			children = (
				4DB64C492DEA7FE700F2B81B /* TaxMate Tracker */,
				4DB64C592DEA7FE900F2B81B /* TaxMate TrackerTests */,
				4DB64C632DEA7FE900F2B81B /* TaxMate TrackerUITests */,
				4DB64C482DEA7FE700F2B81B /* Products */,
			);
			sourceTree = "<group>";
		};
		4DB64C482DEA7FE700F2B81B /* Products */ = {
			isa = PBXGroup;
			children = (
				4DB64C472DEA7FE700F2B81B /* TaxMate Tracker.app */,
				4DB64C562DEA7FE900F2B81B /* TaxMate TrackerTests.xctest */,
				4DB64C602DEA7FE900F2B81B /* TaxMate TrackerUITests.xctest */,
			);
			name = Products;
			sourceTree = "<group>";
		};
/* End PBXGroup section */

/* Begin PBXNativeTarget section */
		4DB64C462DEA7FE700F2B81B /* TaxMate Tracker */ = {
			isa = PBXNativeTarget;
			buildConfigurationList = 4DB64C6A2DEA7FE900F2B81B /* Build configuration list for PBXNativeTarget "TaxMate Tracker" */;
			buildPhases = (
				4DB64C432DEA7FE700F2B81B /* Sources */,
				4DB64C442DEA7FE700F2B81B /* Frameworks */,
				4DB64C452DEA7FE700F2B81B /* Resources */,
			);
			buildRules = (
			);
			dependencies = (
			);
			fileSystemSynchronizedGroups = (
				4DB64C492DEA7FE700F2B81B /* TaxMate Tracker */,
			);
			name = "TaxMate Tracker";
			packageProductDependencies = (
			);
			productName = "TaxMate Tracker";
			productReference = 4DB64C472DEA7FE700F2B81B /* TaxMate Tracker.app */;
			productType = "com.apple.product-type.application";
		};
		4DB64C552DEA7FE900F2B81B /* TaxMate TrackerTests */ = {
			isa = PBXNativeTarget;
			buildConfigurationList = 4DB64C6D2DEA7FE900F2B81B /* Build configuration list for PBXNativeTarget "TaxMate TrackerTests" */;
			buildPhases = (
				4DB64C522DEA7FE900F2B81B /* Sources */,
				4DB64C532DEA7FE900F2B81B /* Frameworks */,
				4DB64C542DEA7FE900F2B81B /* Resources */,
			);
			buildRules = (
			);
			dependencies = (
				4DB64C582DEA7FE900F2B81B /* PBXTargetDependency */,
			);
			fileSystemSynchronizedGroups = (
				4DB64C592DEA7FE900F2B81B /* TaxMate TrackerTests */,
			);
			name = "TaxMate TrackerTests";
			packageProductDependencies = (
			);
			productName = "TaxMate TrackerTests";
			productReference = 4DB64C562DEA7FE900F2B81B /* TaxMate TrackerTests.xctest */;
			productType = "com.apple.product-type.bundle.unit-test";
		};
		4DB64C5F2DEA7FE900F2B81B /* TaxMate TrackerUITests */ = {
			isa = PBXNativeTarget;
			buildConfigurationList = 4DB64C702DEA7FE900F2B81B /* Build configuration list for PBXNativeTarget "TaxMate TrackerUITests" */;
			buildPhases = (
				4DB64C5C2DEA7FE900F2B81B /* Sources */,
				4DB64C5D2DEA7FE900F2B81B /* Frameworks */,
				4DB64C5E2DEA7FE900F2B81B /* Resources */,
			);
			buildRules = (
			);
			dependencies = (
				4DB64C622DEA7FE900F2B81B /* PBXTargetDependency */,
			);
			fileSystemSynchronizedGroups = (
				4DB64C632DEA7FE900F2B81B /* TaxMate TrackerUITests */,
			);
			name = "TaxMate TrackerUITests";
			packageProductDependencies = (
			);
			productName = "TaxMate TrackerUITests";
			productReference = 4DB64C602DEA7FE900F2B81B /* TaxMate TrackerUITests.xctest */;
			productType = "com.apple.product-type.bundle.ui-testing";
		};
/* End PBXNativeTarget section */

/* Begin PBXProject section */
		4DB64C3F2DEA7FE700F2B81B /* Project object */ = {
			isa = PBXProject;
			attributes = {
				BuildIndependentTargetsInParallel = 1;
				LastSwiftUpdateCheck = 1630;
				LastUpgradeCheck = 1630;
				TargetAttributes = {
					4DB64C462DEA7FE700F2B81B = {
						CreatedOnToolsVersion = 16.3;
					};
					4DB64C552DEA7FE900F2B81B = {
						CreatedOnToolsVersion = 16.3;
						TestTargetID = 4DB64C462DEA7FE700F2B81B;
					};
					4DB64C5F2DEA7FE900F2B81B = {
						CreatedOnToolsVersion = 16.3;
						TestTargetID = 4DB64C462DEA7FE700F2B81B;
					};
				};
			};
			buildConfigurationList = 4DB64C422DEA7FE700F2B81B /* Build configuration list for PBXProject "TaxMate Tracker" */;
			developmentRegion = en;
			hasScannedForEncodings = 0;
			knownRegions = (
				en,
				Base,
			);
			mainGroup = 4DB64C3E2DEA7FE700F2B81B;
			minimizedProjectReferenceProxies = 1;
			preferredProjectObjectVersion = 77;
			productRefGroup = 4DB64C482DEA7FE700F2B81B /* Products */;
			projectDirPath = "";
			projectRoot = "";
			targets = (
				4DB64C462DEA7FE700F2B81B /* TaxMate Tracker */,
				4DB64C552DEA7FE900F2B81B /* TaxMate TrackerTests */,
				4DB64C5F2DEA7FE900F2B81B /* TaxMate TrackerUITests */,
			);
		};
/* End PBXProject section */

/* Begin PBXResourcesBuildPhase section */
		4DB64C452DEA7FE700F2B81B /* Resources */ = {
			isa = PBXResourcesBuildPhase;
			buildActionMask = 2147483647;
			files = (
			);
			runOnlyForDeploymentPostprocessing = 0;
		};
		4DB64C542DEA7FE900F2B81B /* Resources */ = {
			isa = PBXResourcesBuildPhase;
			buildActionMask = 2147483647;
			files = (
			);
			runOnlyForDeploymentPostprocessing = 0;
		};
		4DB64C5E2DEA7FE900F2B81B /* Resources */ = {
			isa = PBXResourcesBuildPhase;
			buildActionMask = 2147483647;
			files = (
			);
			runOnlyForDeploymentPostprocessing = 0;
		};
/* End PBXResourcesBuildPhase section */

/* Begin PBXSourcesBuildPhase section */
		4DB64C432DEA7FE700F2B81B /* Sources */ = {
			isa = PBXSourcesBuildPhase;
			buildActionMask = 2147483647;
			files = (
			);
			runOnlyForDeploymentPostprocessing = 0;
		};
		4DB64C522DEA7FE900F2B81B /* Sources */ = {
			isa = PBXSourcesBuildPhase;
			buildActionMask = 2147483647;
			files = (
			);
			runOnlyForDeploymentPostprocessing = 0;
		};
		4DB64C5C2DEA7FE900F2B81B /* Sources */ = {
			isa = PBXSourcesBuildPhase;
			buildActionMask = 2147483647;
			files = (
			);
			runOnlyForDeploymentPostprocessing = 0;
		};
/* End PBXSourcesBuildPhase section */

/* Begin PBXTargetDependency section */
		4DB64C582DEA7FE900F2B81B /* PBXTargetDependency */ = {
			isa = PBXTargetDependency;
			target = 4DB64C462DEA7FE700F2B81B /* TaxMate Tracker */;
			targetProxy = 4DB64C572DEA7FE900F2B81B /* PBXContainerItemProxy */;
		};
		4DB64C622DEA7FE900F2B81B /* PBXTargetDependency */ = {
			isa = PBXTargetDependency;
			target = 4DB64C462DEA7FE700F2B81B /* TaxMate Tracker */;
			targetProxy = 4DB64C612DEA7FE900F2B81B /* PBXContainerItemProxy */;
		};
/* End PBXTargetDependency section */

/* Begin XCBuildConfiguration section */
		4DB64C682DEA7FE900F2B81B /* Debug */ = {
			isa = XCBuildConfiguration;
			buildSettings = {
				ALWAYS_SEARCH_USER_PATHS = NO;
				ASSETCATALOG_COMPILER_GENERATE_SWIFT_ASSET_SYMBOL_EXTENSIONS = YES;
				CLANG_ANALYZER_NONNULL = YES;
				CLANG_ANALYZER_NUMBER_OBJECT_CONVERSION = YES_AGGRESSIVE;
				CLANG_CXX_LANGUAGE_STANDARD = "gnu++20";
				CLANG_ENABLE_MODULES = YES;
				CLANG_ENABLE_OBJC_ARC = YES;
				CLANG_ENABLE_OBJC_WEAK = YES;
				CLANG_WARN_BLOCK_CAPTURE_AUTORELEASING = YES;
				CLANG_WARN_BOOL_CONVERSION = YES;
				CLANG_WARN_COMMA = YES;
				CLANG_WARN_CONSTANT_CONVERSION = YES;
				CLANG_WARN_DEPRECATED_OBJC_IMPLEMENTATIONS = YES;
				CLANG_WARN_DIRECT_OBJC_ISA_USAGE = YES_ERROR;
				CLANG_WARN_DOCUMENTATION_COMMENTS = YES;
				CLANG_WARN_EMPTY_BODY = YES;
				CLANG_WARN_ENUM_CONVERSION = YES;
				CLANG_WARN_INFINITE_RECURSION = YES;
				CLANG_WARN_INT_CONVERSION = YES;
				CLANG_WARN_NON_LITERAL_NULL_CONVERSION = YES;
				CLANG_WARN_OBJC_IMPLICIT_RETAIN_SELF = YES;
				CLANG_WARN_OBJC_LITERAL_CONVERSION = YES;
				CLANG_WARN_OBJC_ROOT_CLASS = YES_ERROR;
				CLANG_WARN_QUOTED_INCLUDE_IN_FRAMEWORK_HEADER = YES;
				CLANG_WARN_RANGE_LOOP_ANALYSIS = YES;
				CLANG_WARN_STRICT_PROTOTYPES = YES;
				CLANG_WARN_SUSPICIOUS_MOVE = YES;
				CLANG_WARN_UNGUARDED_AVAILABILITY = YES_AGGRESSIVE;
				CLANG_WARN_UNREACHABLE_CODE = YES;
				CLANG_WARN__DUPLICATE_METHOD_MATCH = YES;
				COPY_PHASE_STRIP = NO;
				DEBUG_INFORMATION_FORMAT = dwarf;
				DEVELOPMENT_TEAM = ZFZFR57342;
				ENABLE_STRICT_OBJC_MSGSEND = YES;
				ENABLE_TESTABILITY = YES;
				ENABLE_USER_SCRIPT_SANDBOXING = YES;
				GCC_C_LANGUAGE_STANDARD = gnu17;
				GCC_DYNAMIC_NO_PIC = NO;
				GCC_NO_COMMON_BLOCKS = YES;
				GCC_OPTIMIZATION_LEVEL = 0;
				GCC_PREPROCESSOR_DEFINITIONS = (
					"DEBUG=1",
					"$(inherited)",
				);
				GCC_WARN_64_TO_32_BIT_CONVERSION = YES;
				GCC_WARN_ABOUT_RETURN_TYPE = YES_ERROR;
				GCC_WARN_UNDECLARED_SELECTOR = YES;
				GCC_WARN_UNINITIALIZED_AUTOS = YES_AGGRESSIVE;
				GCC_WARN_UNUSED_FUNCTION = YES;
				GCC_WARN_UNUSED_VARIABLE = YES;
				IPHONEOS_DEPLOYMENT_TARGET = 18.4;
				LOCALIZATION_PREFERS_STRING_CATALOGS = YES;
				MTL_ENABLE_DEBUG_INFO = INCLUDE_SOURCE;
				MTL_FAST_MATH = YES;
				ONLY_ACTIVE_ARCH = YES;
				SDKROOT = iphoneos;
				SWIFT_ACTIVE_COMPILATION_CONDITIONS = "DEBUG $(inherited)";
				SWIFT_OPTIMIZATION_LEVEL = "-Onone";
			};
			name = Debug;
		};
		4DB64C692DEA7FE900F2B81B /* Release */ = {
			isa = XCBuildConfiguration;
			buildSettings = {
				ALWAYS_SEARCH_USER_PATHS = NO;
				ASSETCATALOG_COMPILER_GENERATE_SWIFT_ASSET_SYMBOL_EXTENSIONS = YES;
				CLANG_ANALYZER_NONNULL = YES;
				CLANG_ANALYZER_NUMBER_OBJECT_CONVERSION = YES_AGGRESSIVE;
				CLANG_CXX_LANGUAGE_STANDARD = "gnu++20";
				CLANG_ENABLE_MODULES = YES;
				CLANG_ENABLE_OBJC_ARC = YES;
				CLANG_ENABLE_OBJC_WEAK = YES;
				CLANG_WARN_BLOCK_CAPTURE_AUTORELEASING = YES;
				CLANG_WARN_BOOL_CONVERSION = YES;
				CLANG_WARN_COMMA = YES;
				CLANG_WARN_CONSTANT_CONVERSION = YES;
				CLANG_WARN_DEPRECATED_OBJC_IMPLEMENTATIONS = YES;
				CLANG_WARN_DIRECT_OBJC_ISA_USAGE = YES_ERROR;
				CLANG_WARN_DOCUMENTATION_COMMENTS = YES;
				CLANG_WARN_EMPTY_BODY = YES;
				CLANG_WARN_ENUM_CONVERSION = YES;
				CLANG_WARN_INFINITE_RECURSION = YES;
				CLANG_WARN_INT_CONVERSION = YES;
				CLANG_WARN_NON_LITERAL_NULL_CONVERSION = YES;
				CLANG_WARN_OBJC_IMPLICIT_RETAIN_SELF = YES;
				CLANG_WARN_OBJC_LITERAL_CONVERSION = YES;
				CLANG_WARN_OBJC_ROOT_CLASS = YES_ERROR;
				CLANG_WARN_QUOTED_INCLUDE_IN_FRAMEWORK_HEADER = YES;
				CLANG_WARN_RANGE_LOOP_ANALYSIS = YES;
				CLANG_WARN_STRICT_PROTOTYPES = YES;
				CLANG_WARN_SUSPICIOUS_MOVE = YES;
				CLANG_WARN_UNGUARDED_AVAILABILITY = YES_AGGRESSIVE;
				CLANG_WARN_UNREACHABLE_CODE = YES;
				CLANG_WARN__DUPLICATE_METHOD_MATCH = YES;
				COPY_PHASE_STRIP = NO;
				DEBUG_INFORMATION_FORMAT = "dwarf-with-dsym";
				DEVELOPMENT_TEAM = ZFZFR57342;
				ENABLE_NS_ASSERTIONS = NO;
				ENABLE_STRICT_OBJC_MSGSEND = YES;
				ENABLE_USER_SCRIPT_SANDBOXING = YES;
				GCC_C_LANGUAGE_STANDARD = gnu17;
				GCC_NO_COMMON_BLOCKS = YES;
				GCC_WARN_64_TO_32_BIT_CONVERSION = YES;
				GCC_WARN_ABOUT_RETURN_TYPE = YES_ERROR;
				GCC_WARN_UNDECLARED_SELECTOR = YES;
				GCC_WARN_UNINITIALIZED_AUTOS = YES_AGGRESSIVE;
				GCC_WARN_UNUSED_FUNCTION = YES;
				GCC_WARN_UNUSED_VARIABLE = YES;
				IPHONEOS_DEPLOYMENT_TARGET = 18.4;
				LOCALIZATION_PREFERS_STRING_CATALOGS = YES;
				MTL_ENABLE_DEBUG_INFO = NO;
				MTL_FAST_MATH = YES;
				SDKROOT = iphoneos;
				SWIFT_COMPILATION_MODE = wholemodule;
				VALIDATE_PRODUCT = YES;
			};
			name = Release;
		};
		4DB64C6B2DEA7FE900F2B81B /* Debug */ = {
			isa = XCBuildConfiguration;
			buildSettings = {
				ASSETCATALOG_COMPILER_APPICON_NAME = AppIcon;
				ASSETCATALOG_COMPILER_GLOBAL_ACCENT_COLOR_NAME = AccentColor;
				CODE_SIGN_STYLE = Automatic;
				CURRENT_PROJECT_VERSION = 1;
				DEVELOPMENT_TEAM = ZFZFR57342;
				ENABLE_PREVIEWS = YES;
				GENERATE_INFOPLIST_FILE = YES;
				INFOPLIST_KEY_UIApplicationSceneManifest_Generation = YES;
				INFOPLIST_KEY_UIApplicationSupportsIndirectInputEvents = YES;
				INFOPLIST_KEY_UILaunchScreen_Generation = YES;
				INFOPLIST_KEY_UISupportedInterfaceOrientations_iPad = "UIInterfaceOrientationPortrait UIInterfaceOrientationPortraitUpsideDown UIInterfaceOrientationLandscapeLeft UIInterfaceOrientationLandscapeRight";
				INFOPLIST_KEY_UISupportedInterfaceOrientations_iPhone = "UIInterfaceOrientationPortrait UIInterfaceOrientationLandscapeLeft UIInterfaceOrientationLandscapeRight";
				LD_RUNPATH_SEARCH_PATHS = (
					"$(inherited)",
					"@executable_path/Frameworks",
				);
				MARKETING_VERSION = 1.0;
				PRODUCT_BUNDLE_IDENTIFIER = "com.adamgumm.TaxMate-Tracker";
				PRODUCT_NAME = "$(TARGET_NAME)";
				SWIFT_EMIT_LOC_STRINGS = YES;
				SWIFT_VERSION = 5.0;
				TARGETED_DEVICE_FAMILY = "1,2";
			};
			name = Debug;
		};
		4DB64C6C2DEA7FE900F2B81B /* Release */ = {
			isa = XCBuildConfiguration;
			buildSettings = {
				ASSETCATALOG_COMPILER_APPICON_NAME = AppIcon;
				ASSETCATALOG_COMPILER_GLOBAL_ACCENT_COLOR_NAME = AccentColor;
				CODE_SIGN_STYLE = Automatic;
				CURRENT_PROJECT_VERSION = 1;
				DEVELOPMENT_TEAM = ZFZFR57342;
				ENABLE_PREVIEWS = YES;
				GENERATE_INFOPLIST_FILE = YES;
				INFOPLIST_KEY_UIApplicationSceneManifest_Generation = YES;
				INFOPLIST_KEY_UIApplicationSupportsIndirectInputEvents = YES;
				INFOPLIST_KEY_UILaunchScreen_Generation = YES;
				INFOPLIST_KEY_UISupportedInterfaceOrientations_iPad = "UIInterfaceOrientationPortrait UIInterfaceOrientationPortraitUpsideDown UIInterfaceOrientationLandscapeLeft UIInterfaceOrientationLandscapeRight";
				INFOPLIST_KEY_UISupportedInterfaceOrientations_iPhone = "UIInterfaceOrientationPortrait UIInterfaceOrientationLandscapeLeft UIInterfaceOrientationLandscapeRight";
				LD_RUNPATH_SEARCH_PATHS = (
					"$(inherited)",
					"@executable_path/Frameworks",
				);
				MARKETING_VERSION = 1.0;
				PRODUCT_BUNDLE_IDENTIFIER = "com.adamgumm.TaxMate-Tracker";
				PRODUCT_NAME = "$(TARGET_NAME)";
				SWIFT_EMIT_LOC_STRINGS = YES;
				SWIFT_VERSION = 5.0;
				TARGETED_DEVICE_FAMILY = "1,2";
			};
			name = Release;
		};
		4DB64C6E2DEA7FE900F2B81B /* Debug */ = {
			isa = XCBuildConfiguration;
			buildSettings = {
				BUNDLE_LOADER = "$(TEST_HOST)";
				CODE_SIGN_STYLE = Automatic;
				CURRENT_PROJECT_VERSION = 1;
				DEVELOPMENT_TEAM = ZFZFR57342;
				GENERATE_INFOPLIST_FILE = YES;
				IPHONEOS_DEPLOYMENT_TARGET = 18.4;
				MARKETING_VERSION = 1.0;
				PRODUCT_BUNDLE_IDENTIFIER = "com.adamgumm.TaxMate-TrackerTests";
				PRODUCT_NAME = "$(TARGET_NAME)";
				SWIFT_EMIT_LOC_STRINGS = NO;
				SWIFT_VERSION = 5.0;
				TARGETED_DEVICE_FAMILY = "1,2";
				TEST_HOST = "$(BUILT_PRODUCTS_DIR)/TaxMate Tracker.app/$(BUNDLE_EXECUTABLE_FOLDER_PATH)/TaxMate Tracker";
			};
			name = Debug;
		};
		4DB64C6F2DEA7FE900F2B81B /* Release */ = {
			isa = XCBuildConfiguration;
			buildSettings = {
				BUNDLE_LOADER = "$(TEST_HOST)";
				CODE_SIGN_STYLE = Automatic;
				CURRENT_PROJECT_VERSION = 1;
				DEVELOPMENT_TEAM = ZFZFR57342;
				GENERATE_INFOPLIST_FILE = YES;
				IPHONEOS_DEPLOYMENT_TARGET = 18.4;
				MARKETING_VERSION = 1.0;
				PRODUCT_BUNDLE_IDENTIFIER = "com.adamgumm.TaxMate-TrackerTests";
				PRODUCT_NAME = "$(TARGET_NAME)";
				SWIFT_EMIT_LOC_STRINGS = NO;
				SWIFT_VERSION = 5.0;
				TARGETED_DEVICE_FAMILY = "1,2";
				TEST_HOST = "$(BUILT_PRODUCTS_DIR)/TaxMate Tracker.app/$(BUNDLE_EXECUTABLE_FOLDER_PATH)/TaxMate Tracker";
			};
			name = Release;
		};
		4DB64C712DEA7FE900F2B81B /* Debug */ = {
			isa = XCBuildConfiguration;
			buildSettings = {
				CODE_SIGN_STYLE = Automatic;
				CURRENT_PROJECT_VERSION = 1;
				DEVELOPMENT_TEAM = ZFZFR57342;
				GENERATE_INFOPLIST_FILE = YES;
				MARKETING_VERSION = 1.0;
				PRODUCT_BUNDLE_IDENTIFIER = "com.adamgumm.TaxMate-TrackerUITests";
				PRODUCT_NAME = "$(TARGET_NAME)";
				SWIFT_EMIT_LOC_STRINGS = NO;
				SWIFT_VERSION = 5.0;
				TARGETED_DEVICE_FAMILY = "1,2";
				TEST_TARGET_NAME = "TaxMate Tracker";
			};
			name = Debug;
		};
		4DB64C722DEA7FE900F2B81B /* Release */ = {
			isa = XCBuildConfiguration;
			buildSettings = {
				CODE_SIGN_STYLE = Automatic;
				CURRENT_PROJECT_VERSION = 1;
				DEVELOPMENT_TEAM = ZFZFR57342;
				GENERATE_INFOPLIST_FILE = YES;
				MARKETING_VERSION = 1.0;
				PRODUCT_BUNDLE_IDENTIFIER = "com.adamgumm.TaxMate-TrackerUITests";
				PRODUCT_NAME = "$(TARGET_NAME)";
				SWIFT_EMIT_LOC_STRINGS = NO;
				SWIFT_VERSION = 5.0;
				TARGETED_DEVICE_FAMILY = "1,2";
				TEST_TARGET_NAME = "TaxMate Tracker";
			};
			name = Release;
		};
/* End XCBuildConfiguration section */

/* Begin XCConfigurationList section */
		4DB64C422DEA7FE700F2B81B /* Build configuration list for PBXProject "TaxMate Tracker" */ = {
			isa = XCConfigurationList;
			buildConfigurations = (
				4DB64C682DEA7FE900F2B81B /* Debug */,
				4DB64C692DEA7FE900F2B81B /* Release */,
			);
			defaultConfigurationIsVisible = 0;
			defaultConfigurationName = Release;
		};
		4DB64C6A2DEA7FE900F2B81B /* Build configuration list for PBXNativeTarget "TaxMate Tracker" */ = {
			isa = XCConfigurationList;
			buildConfigurations = (
				4DB64C6B2DEA7FE900F2B81B /* Debug */,
				4DB64C6C2DEA7FE900F2B81B /* Release */,
			);
			defaultConfigurationIsVisible = 0;
			defaultConfigurationName = Release;
		};
		4DB64C6D2DEA7FE900F2B81B /* Build configuration list for PBXNativeTarget "TaxMate TrackerTests" */ = {
			isa = XCConfigurationList;
			buildConfigurations = (
				4DB64C6E2DEA7FE900F2B81B /* Debug */,
				4DB64C6F2DEA7FE900F2B81B /* Release */,
			);
			defaultConfigurationIsVisible = 0;
			defaultConfigurationName = Release;
		};
		4DB64C702DEA7FE900F2B81B /* Build configuration list for PBXNativeTarget "TaxMate TrackerUITests" */ = {
			isa = XCConfigurationList;
			buildConfigurations = (
				4DB64C712DEA7FE900F2B81B /* Debug */,
				4DB64C722DEA7FE900F2B81B /* Release */,
			);
			defaultConfigurationIsVisible = 0;
			defaultConfigurationName = Release;
		};
/* End XCConfigurationList section */
	};
	rootObject = 4DB64C3F2DEA7FE700F2B81B /* Project object */;
}
